
Microsoft Visual Studio Solution File, Format Version 12.00
# Visual Studio Version 17
VisualStudioVersion = 17.12.35707.178
MinimumVisualStudioVersion = 10.0.40219.1
Project("{FAE04EC0-301F-11D3-BF4B-00C04F79EFBC}") = "_07KelimeOgren", "_07Kelime Ogren\_07KelimeOgren.csproj", "{AF560DFE-F505-424E-9395-41F1C6F0011A}"
EndProject
Project("{FAE04EC0-301F-11D3-BF4B-00C04F79EFBC}") = "_04Doviz_Ofisi", "_04Doviz_Ofisi\_04Doviz_Ofisi.csproj", "{64C3E6F2-88DE-45B4-BDA6-47561EA23AAD}"
EndProject
Project("{FAE04EC0-301F-11D3-BF4B-00C04F79EFBC}") = "_01NotKayitSistemi", "..\..\..\Desktop\_01NotKayitSistemi\_01NotKayitSistemi.csproj", "{061D8ACE-6613-4512-B8FB-BF3C2702CCF4}"
EndProject
Project("{FAE04EC0-301F-11D3-BF4B-00C04F79EFBC}") = "_02Veri_Tabanli_Parti_Secim_Grafik_İstatistik", "..\..\..\Desktop\_07VeriTabanliPartiSecimGrafikİstatistik\_02Veri_Tabanli_Parti_Secim_Grafik_İstatistik.csproj", "{3B1595B7-4BE6-4170-8E50-A20D853A8192}"
EndProject
Project("{FAE04EC0-301F-11D3-BF4B-00C04F79EFBC}") = "_12SqlSorguSistemi", "_12SqlSorguSistemi\_12SqlSorguSistemi.csproj", "{06068D06-6BD5-4F79-A9A0-290275EFBDFF}"
EndProject
Project("{FAE04EC0-301F-11D3-BF4B-00C04F79EFBC}") = "_05FilmArsivi", "_05FilmArsivi\_05FilmArsivi.csproj", "{44D1BA74-D21B-4EB0-873B-34C430942189}"
EndProject
Project("{FAE04EC0-301F-11D3-BF4B-00C04F79EFBC}") = "_22RssİleHaberBaslıkCekme", "_22RssİleHaberBaslıkCekme\_22RssİleHaberBaslıkCekme.csproj", "{A33E3E51-72DB-4E13-AD80-F8F46087E989}"
EndProject
Project("{FAE04EC0-301F-11D3-BF4B-00C04F79EFBC}") = "_03PassaparolaOyunu", "_03PassaparolaOyunu\_03PassaparolaOyunu.csproj", "{7AA605FE-73B3-4073-82DB-FC6D7879346F}"
EndProject
Project("{FAE04EC0-301F-11D3-BF4B-00C04F79EFBC}") = "_06İliskiliVeriTabaniHaraketTabloVeSorgulamaUygulamasi", "_06İliskiliVeriTabaniHaraketTabloVeSorgulamaUygulamasi\_06İliskiliVeriTabaniHaraketTabloVeSorgulamaUygulamasi.csproj", "{986E2B81-1565-4229-A461-AB16122BC820}"
EndProject
Project("{FAE04EC0-301F-11D3-BF4B-00C04F79EFBC}") = "_08NesneHareketleri", "_08NesneHareketleri\_08NesneHareketleri.csproj", "{DA9BDC7A-5D82-45F1-98D1-0E20802DAD08}"
EndProject
Project("{FAE04EC0-301F-11D3-BF4B-00C04F79EFBC}") = "_09RehberKayit", "09_RehberKayit\_09RehberKayit.csproj", "{317CED90-C81A-49EE-8E3B-35CC894D32E4}"
EndProject
Project("{FAE04EC0-301F-11D3-BF4B-00C04F79EFBC}") = "_10İlişikliTablolarileBirleştirmeUygulamaları", "_10İlişikliTablolarileBirleştirmeUygulamaları\_10İlişikliTablolarileBirleştirmeUygulamaları.csproj", "{58EFF4D1-F418-4921-8CC7-170032FA1BD1}"
EndProject
Project("{FAE04EC0-301F-11D3-BF4B-00C04F79EFBC}") = "_11Kullanıcılar Arası Veri Tabanı Bağlantısı ile Mesajlaşma Sistemi", "_11Kullanıcılar Arası Veri Tabanı Bağlantısı ile Mesajlaşma Sistemi\_11Kullanıcılar Arası Veri Tabanı Bağlantısı ile Mesajlaşma Sistemi.csproj", "{D089F58A-3B3E-4F6B-A917-EB57FC906F22}"
EndProject
Project("{FAE04EC0-301F-11D3-BF4B-00C04F79EFBC}") = "_13SifreliVeriler", "_13SifreliVeriler\_13SifreliVeriler.csproj", "{8EDD9F33-79C1-4E55-BD07-0F2BCADAEBA9}"
EndProject
Global
	GlobalSection(SolutionConfigurationPlatforms) = preSolution
		Debug|Any CPU = Debug|Any CPU
		Release|Any CPU = Release|Any CPU
	EndGlobalSection
	GlobalSection(ProjectConfigurationPlatforms) = postSolution
		{AF560DFE-F505-424E-9395-41F1C6F0011A}.Debug|Any CPU.ActiveCfg = Debug|Any CPU
		{AF560DFE-F505-424E-9395-41F1C6F0011A}.Debug|Any CPU.Build.0 = Debug|Any CPU
		{AF560DFE-F505-424E-9395-41F1C6F0011A}.Release|Any CPU.ActiveCfg = Release|Any CPU
		{AF560DFE-F505-424E-9395-41F1C6F0011A}.Release|Any CPU.Build.0 = Release|Any CPU
		{64C3E6F2-88DE-45B4-BDA6-47561EA23AAD}.Debug|Any CPU.ActiveCfg = Debug|Any CPU
		{64C3E6F2-88DE-45B4-BDA6-47561EA23AAD}.Debug|Any CPU.Build.0 = Debug|Any CPU
		{64C3E6F2-88DE-45B4-BDA6-47561EA23AAD}.Release|Any CPU.ActiveCfg = Release|Any CPU
		{64C3E6F2-88DE-45B4-BDA6-47561EA23AAD}.Release|Any CPU.Build.0 = Release|Any CPU
		{061D8ACE-6613-4512-B8FB-BF3C2702CCF4}.Debug|Any CPU.ActiveCfg = Debug|Any CPU
		{061D8ACE-6613-4512-B8FB-BF3C2702CCF4}.Debug|Any CPU.Build.0 = Debug|Any CPU
		{061D8ACE-6613-4512-B8FB-BF3C2702CCF4}.Release|Any CPU.ActiveCfg = Release|Any CPU
		{061D8ACE-6613-4512-B8FB-BF3C2702CCF4}.Release|Any CPU.Build.0 = Release|Any CPU
		{3B1595B7-4BE6-4170-8E50-A20D853A8192}.Debug|Any CPU.ActiveCfg = Debug|Any CPU
		{3B1595B7-4BE6-4170-8E50-A20D853A8192}.Debug|Any CPU.Build.0 = Debug|Any CPU
		{3B1595B7-4BE6-4170-8E50-A20D853A8192}.Release|Any CPU.ActiveCfg = Release|Any CPU
		{3B1595B7-4BE6-4170-8E50-A20D853A8192}.Release|Any CPU.Build.0 = Release|Any CPU
		{06068D06-6BD5-4F79-A9A0-290275EFBDFF}.Debug|Any CPU.ActiveCfg = Debug|Any CPU
		{06068D06-6BD5-4F79-A9A0-290275EFBDFF}.Debug|Any CPU.Build.0 = Debug|Any CPU
		{06068D06-6BD5-4F79-A9A0-290275EFBDFF}.Release|Any CPU.ActiveCfg = Release|Any CPU
		{06068D06-6BD5-4F79-A9A0-290275EFBDFF}.Release|Any CPU.Build.0 = Release|Any CPU
		{44D1BA74-D21B-4EB0-873B-34C430942189}.Debug|Any CPU.ActiveCfg = Debug|Any CPU
		{44D1BA74-D21B-4EB0-873B-34C430942189}.Debug|Any CPU.Build.0 = Debug|Any CPU
		{44D1BA74-D21B-4EB0-873B-34C430942189}.Release|Any CPU.ActiveCfg = Release|Any CPU
		{44D1BA74-D21B-4EB0-873B-34C430942189}.Release|Any CPU.Build.0 = Release|Any CPU
		{A33E3E51-72DB-4E13-AD80-F8F46087E989}.Debug|Any CPU.ActiveCfg = Debug|Any CPU
		{A33E3E51-72DB-4E13-AD80-F8F46087E989}.Debug|Any CPU.Build.0 = Debug|Any CPU
		{A33E3E51-72DB-4E13-AD80-F8F46087E989}.Release|Any CPU.ActiveCfg = Release|Any CPU
		{A33E3E51-72DB-4E13-AD80-F8F46087E989}.Release|Any CPU.Build.0 = Release|Any CPU
		{7AA605FE-73B3-4073-82DB-FC6D7879346F}.Debug|Any CPU.ActiveCfg = Debug|Any CPU
		{7AA605FE-73B3-4073-82DB-FC6D7879346F}.Debug|Any CPU.Build.0 = Debug|Any CPU
		{7AA605FE-73B3-4073-82DB-FC6D7879346F}.Release|Any CPU.ActiveCfg = Release|Any CPU
		{7AA605FE-73B3-4073-82DB-FC6D7879346F}.Release|Any CPU.Build.0 = Release|Any CPU
		{986E2B81-1565-4229-A461-AB16122BC820}.Debug|Any CPU.ActiveCfg = Debug|Any CPU
		{986E2B81-1565-4229-A461-AB16122BC820}.Debug|Any CPU.Build.0 = Debug|Any CPU
		{986E2B81-1565-4229-A461-AB16122BC820}.Release|Any CPU.ActiveCfg = Release|Any CPU
		{986E2B81-1565-4229-A461-AB16122BC820}.Release|Any CPU.Build.0 = Release|Any CPU
		{DA9BDC7A-5D82-45F1-98D1-0E20802DAD08}.Debug|Any CPU.ActiveCfg = Debug|Any CPU
		{DA9BDC7A-5D82-45F1-98D1-0E20802DAD08}.Debug|Any CPU.Build.0 = Debug|Any CPU
		{DA9BDC7A-5D82-45F1-98D1-0E20802DAD08}.Release|Any CPU.ActiveCfg = Release|Any CPU
		{DA9BDC7A-5D82-45F1-98D1-0E20802DAD08}.Release|Any CPU.Build.0 = Release|Any CPU
		{317CED90-C81A-49EE-8E3B-35CC894D32E4}.Debug|Any CPU.ActiveCfg = Debug|Any CPU
		{317CED90-C81A-49EE-8E3B-35CC894D32E4}.Debug|Any CPU.Build.0 = Debug|Any CPU
		{317CED90-C81A-49EE-8E3B-35CC894D32E4}.Release|Any CPU.ActiveCfg = Release|Any CPU
		{317CED90-C81A-49EE-8E3B-35CC894D32E4}.Release|Any CPU.Build.0 = Release|Any CPU
		{58EFF4D1-F418-4921-8CC7-170032FA1BD1}.Debug|Any CPU.ActiveCfg = Debug|Any CPU
		{58EFF4D1-F418-4921-8CC7-170032FA1BD1}.Debug|Any CPU.Build.0 = Debug|Any CPU
		{58EFF4D1-F418-4921-8CC7-170032FA1BD1}.Release|Any CPU.ActiveCfg = Release|Any CPU
		{58EFF4D1-F418-4921-8CC7-170032FA1BD1}.Release|Any CPU.Build.0 = Release|Any CPU
		{D089F58A-3B3E-4F6B-A917-EB57FC906F22}.Debug|Any CPU.ActiveCfg = Debug|Any CPU
		{D089F58A-3B3E-4F6B-A917-EB57FC906F22}.Debug|Any CPU.Build.0 = Debug|Any CPU
		{D089F58A-3B3E-4F6B-A917-EB57FC906F22}.Release|Any CPU.ActiveCfg = Release|Any CPU
		{D089F58A-3B3E-4F6B-A917-EB57FC906F22}.Release|Any CPU.Build.0 = Release|Any CPU
		{8EDD9F33-79C1-4E55-BD07-0F2BCADAEBA9}.Debug|Any CPU.ActiveCfg = Debug|Any CPU
		{8EDD9F33-79C1-4E55-BD07-0F2BCADAEBA9}.Debug|Any CPU.Build.0 = Debug|Any CPU
		{8EDD9F33-79C1-4E55-BD07-0F2BCADAEBA9}.Release|Any CPU.ActiveCfg = Release|Any CPU
		{8EDD9F33-79C1-4E55-BD07-0F2BCADAEBA9}.Release|Any CPU.Build.0 = Release|Any CPU
	EndGlobalSection
	GlobalSection(SolutionProperties) = preSolution
		HideSolutionNode = FALSE
	EndGlobalSection
EndGlobal
